
Microsoft Visual Studio Solution File, Format Version 12.00
# Visual Studio Version 17
VisualStudioVersion = 17.4.33205.214
MinimumVisualStudioVersion = 10.0.40219.1
Project("{9A19103F-16F7-4668-BE54-9A1E7A4F7556}") = "ImmersionHelper", "ImmersionHelper\ImmersionHelper.csproj", "{50628649-818A-494C-AB75-5D9D1F83AB41}"
EndProject
Global
	GlobalSection(SolutionConfigurationPlatforms) = preSolution
		Debug|Any CPU = Debug|Any CPU
		Release|Any CPU = Release|Any CPU
	EndGlobalSection
	GlobalSection(ProjectConfigurationPlatforms) = postSolution
		{50628649-818A-494C-AB75-5D9D1F83AB41}.Debug|Any CPU.ActiveCfg = Debug|Any CPU
		{50628649-818A-494C-AB75-5D9D1F83AB41}.Debug|Any CPU.Build.0 = Debug|Any CPU
		{50628649-818A-494C-AB75-5D9D1F83AB41}.Release|Any CPU.ActiveCfg = Release|Any CPU
		{50628649-818A-494C-AB75-5D9D1F83AB41}.Release|Any CPU.Build.0 = Release|Any CPU
	EndGlobalSection
	GlobalSection(SolutionProperties) = preSolution
		HideSolutionNode = FALSE
	EndGlobalSection
	GlobalSection(ExtensibilityGlobals) = postSolution
		SolutionGuid = {8770BEA5-146C-460F-8989-3906E4CB7341}
	EndGlobalSection
EndGlobal
